
Microsoft Visual Studio Solution File, Format Version 12.00
# Visual Studio Version 16
VisualStudioVersion = 16.0.30517.126
MinimumVisualStudioVersion = 10.0.40219.1
Project("{FAE04EC0-301F-11D3-BF4B-00C04F79EFBC}") = "BuildExtra", "BuildExtra\BuildExtra.csproj", "{912E1D40-24AE-49EA-871C-7325BEE4C905}"
EndProject
Global
	GlobalSection(SolutionConfigurationPlatforms) = preSolution
		Debug|Any CPU = Debug|Any CPU
		Release|Any CPU = Release|Any CPU
	EndGlobalSection
	GlobalSection(ProjectConfigurationPlatforms) = postSolution
		{912E1D40-24AE-49EA-871C-7325BEE4C905}.Debug|Any CPU.ActiveCfg = Debug|Any CPU
		{912E1D40-24AE-49EA-871C-7325BEE4C905}.Debug|Any CPU.Build.0 = Debug|Any CPU
		{912E1D40-24AE-49EA-871C-7325BEE4C905}.Release|Any CPU.ActiveCfg = Release|Any CPU
		{912E1D40-24AE-49EA-871C-7325BEE4C905}.Release|Any CPU.Build.0 = Release|Any CPU
	EndGlobalSection
	GlobalSection(SolutionProperties) = preSolution
		HideSolutionNode = FALSE
	EndGlobalSection
	GlobalSection(ExtensibilityGlobals) = postSolution
		SolutionGuid = {B7EE23CE-1198-433F-A639-DD0D40F195B2}
	EndGlobalSection
EndGlobal
